Microsoft Visual Studio Solution File, Format Version 12.00
# Visual Studio 15
VisualStudioVersion = 15.0.26124.0
MinimumVisualStudioVersion = 15.0.26124.0
Project("{2150E333-8FDC-42A3-9474-1A3956D46DE8}") = "src", "src", "{DCA2594C-E7FA-43AB-8B95-B728D82FC0F3}"
EndProject
Project("{FAE04EC0-301F-11D3-BF4B-00C04F79EFBC}") = "Function", "src\Function\Function.csproj", "{F316C1A3-8495-430F-A8C0-E23D48B95878}"
EndProject
Project("{2150E333-8FDC-42A3-9474-1A3956D46DE8}") = "tests", "tests", "{7E259442-32BC-4568-95EB-4CD460DC2761}"
EndProject
Project("{FAE04EC0-301F-11D3-BF4B-00C04F79EFBC}") = "Function.Tests", "tests\Function.Tests\Function.Tests.csproj", "{5A599E0D-7813-4740-A155-EB0B7FD5F811}"
EndProject
Global
	GlobalSection(SolutionConfigurationPlatforms) = preSolution
		Debug|Any CPU = Debug|Any CPU
		Debug|x64 = Debug|x64
		Debug|x86 = Debug|x86
		Release|Any CPU = Release|Any CPU
		Release|x64 = Release|x64
		Release|x86 = Release|x86
	EndGlobalSection
	GlobalSection(SolutionProperties) = preSolution
		HideSolutionNode = FALSE
	EndGlobalSection
	GlobalSection(ProjectConfigurationPlatforms) = postSolution
		{F316C1A3-8495-430F-A8C0-E23D48B95878}.Debug|Any CPU.ActiveCfg = Debug|Any CPU
		{F316C1A3-8495-430F-A8C0-E23D48B95878}.Debug|Any CPU.Build.0 = Debug|Any CPU
		{F316C1A3-8495-430F-A8C0-E23D48B95878}.Debug|x64.ActiveCfg = Debug|Any CPU
		{F316C1A3-8495-430F-A8C0-E23D48B95878}.Debug|x64.Build.0 = Debug|Any CPU
		{F316C1A3-8495-430F-A8C0-E23D48B95878}.Debug|x86.ActiveCfg = Debug|Any CPU
		{F316C1A3-8495-430F-A8C0-E23D48B95878}.Debug|x86.Build.0 = Debug|Any CPU
		{F316C1A3-8495-430F-A8C0-E23D48B95878}.Release|Any CPU.ActiveCfg = Release|Any CPU
		{F316C1A3-8495-430F-A8C0-E23D48B95878}.Release|Any CPU.Build.0 = Release|Any CPU
		{F316C1A3-8495-430F-A8C0-E23D48B95878}.Release|x64.ActiveCfg = Release|Any CPU
		{F316C1A3-8495-430F-A8C0-E23D48B95878}.Release|x64.Build.0 = Release|Any CPU
		{F316C1A3-8495-430F-A8C0-E23D48B95878}.Release|x86.ActiveCfg = Release|Any CPU
		{F316C1A3-8495-430F-A8C0-E23D48B95878}.Release|x86.Build.0 = Release|Any CPU
		{5A599E0D-7813-4740-A155-EB0B7FD5F811}.Debug|Any CPU.ActiveCfg = Debug|Any CPU
		{5A599E0D-7813-4740-A155-EB0B7FD5F811}.Debug|Any CPU.Build.0 = Debug|Any CPU
		{5A599E0D-7813-4740-A155-EB0B7FD5F811}.Debug|x64.ActiveCfg = Debug|Any CPU
		{5A599E0D-7813-4740-A155-EB0B7FD5F811}.Debug|x64.Build.0 = Debug|Any CPU
		{5A599E0D-7813-4740-A155-EB0B7FD5F811}.Debug|x86.ActiveCfg = Debug|Any CPU
		{5A599E0D-7813-4740-A155-EB0B7FD5F811}.Debug|x86.Build.0 = Debug|Any CPU
		{5A599E0D-7813-4740-A155-EB0B7FD5F811}.Release|Any CPU.ActiveCfg = Release|Any CPU
		{5A599E0D-7813-4740-A155-EB0B7FD5F811}.Release|Any CPU.Build.0 = Release|Any CPU
		{5A599E0D-7813-4740-A155-EB0B7FD5F811}.Release|x64.ActiveCfg = Release|Any CPU
		{5A599E0D-7813-4740-A155-EB0B7FD5F811}.Release|x64.Build.0 = Release|Any CPU
		{5A599E0D-7813-4740-A155-EB0B7FD5F811}.Release|x86.ActiveCfg = Release|Any CPU
		{5A599E0D-7813-4740-A155-EB0B7FD5F811}.Release|x86.Build.0 = Release|Any CPU
	EndGlobalSection
	GlobalSection(NestedProjects) = preSolution
		{F316C1A3-8495-430F-A8C0-E23D48B95878} = {DCA2594C-E7FA-43AB-8B95-B728D82FC0F3}
		{5A599E0D-7813-4740-A155-EB0B7FD5F811} = {7E259442-32BC-4568-95EB-4CD460DC2761}
	EndGlobalSection
EndGlobal
